# DE1-SoC Rev. F/G pin map, verified against Terasic System CD v5.1.3.
# Source: Demonstrations/FPGA/DE1_SOC_golden_top/DE1_SOC_golden_top.qsf
# See docs/quartus.md for source URL and board revision notes.
set_instance_assignment -name IO_STANDARD "3.3-V LVTTL" -to {CLOCK_50}
set_instance_assignment -name IO_STANDARD "3.3-V LVTTL" -to {GPIO_0[0]}
set_instance_assignment -name IO_STANDARD "3.3-V LVTTL" -to {GPIO_0[10]}
set_instance_assignment -name IO_STANDARD "3.3-V LVTTL" -to {GPIO_0[11]}
set_instance_assignment -name IO_STANDARD "3.3-V LVTTL" -to {GPIO_0[12]}
set_instance_assignment -name IO_STANDARD "3.3-V LVTTL" -to {GPIO_0[13]}
set_instance_assignment -name IO_STANDARD "3.3-V LVTTL" -to {GPIO_0[14]}
set_instance_assignment -name IO_STANDARD "3.3-V LVTTL" -to {GPIO_0[15]}
set_instance_assignment -name IO_STANDARD "3.3-V LVTTL" -to {GPIO_0[16]}
set_instance_assignment -name IO_STANDARD "3.3-V LVTTL" -to {GPIO_0[17]}
set_instance_assignment -name IO_STANDARD "3.3-V LVTTL" -to {GPIO_0[18]}
set_instance_assignment -name IO_STANDARD "3.3-V LVTTL" -to {GPIO_0[19]}
set_instance_assignment -name IO_STANDARD "3.3-V LVTTL" -to {GPIO_0[1]}
set_instance_assignment -name IO_STANDARD "3.3-V LVTTL" -to {GPIO_0[20]}
set_instance_assignment -name IO_STANDARD "3.3-V LVTTL" -to {GPIO_0[21]}
set_instance_assignment -name IO_STANDARD "3.3-V LVTTL" -to {GPIO_0[22]}
set_instance_assignment -name IO_STANDARD "3.3-V LVTTL" -to {GPIO_0[23]}
set_instance_assignment -name IO_STANDARD "3.3-V LVTTL" -to {GPIO_0[24]}
set_instance_assignment -name IO_STANDARD "3.3-V LVTTL" -to {GPIO_0[25]}
set_instance_assignment -name IO_STANDARD "3.3-V LVTTL" -to {GPIO_0[26]}
set_instance_assignment -name IO_STANDARD "3.3-V LVTTL" -to {GPIO_0[27]}
set_instance_assignment -name IO_STANDARD "3.3-V LVTTL" -to {GPIO_0[28]}
set_instance_assignment -name IO_STANDARD "3.3-V LVTTL" -to {GPIO_0[29]}
set_instance_assignment -name IO_STANDARD "3.3-V LVTTL" -to {GPIO_0[2]}
set_instance_assignment -name IO_STANDARD "3.3-V LVTTL" -to {GPIO_0[30]}
set_instance_assignment -name IO_STANDARD "3.3-V LVTTL" -to {GPIO_0[31]}
set_instance_assignment -name IO_STANDARD "3.3-V LVTTL" -to {GPIO_0[32]}
set_instance_assignment -name IO_STANDARD "3.3-V LVTTL" -to {GPIO_0[33]}
set_instance_assignment -name IO_STANDARD "3.3-V LVTTL" -to {GPIO_0[34]}
set_instance_assignment -name IO_STANDARD "3.3-V LVTTL" -to {GPIO_0[35]}
set_instance_assignment -name IO_STANDARD "3.3-V LVTTL" -to {GPIO_0[3]}
set_instance_assignment -name IO_STANDARD "3.3-V LVTTL" -to {GPIO_0[4]}
set_instance_assignment -name IO_STANDARD "3.3-V LVTTL" -to {GPIO_0[5]}
set_instance_assignment -name IO_STANDARD "3.3-V LVTTL" -to {GPIO_0[6]}
set_instance_assignment -name IO_STANDARD "3.3-V LVTTL" -to {GPIO_0[7]}
set_instance_assignment -name IO_STANDARD "3.3-V LVTTL" -to {GPIO_0[8]}
set_instance_assignment -name IO_STANDARD "3.3-V LVTTL" -to {GPIO_0[9]}
set_instance_assignment -name IO_STANDARD "3.3-V LVTTL" -to {KEY[0]}
set_instance_assignment -name IO_STANDARD "3.3-V LVTTL" -to {KEY[1]}
set_instance_assignment -name IO_STANDARD "3.3-V LVTTL" -to {KEY[2]}
set_instance_assignment -name IO_STANDARD "3.3-V LVTTL" -to {KEY[3]}
set_instance_assignment -name IO_STANDARD "3.3-V LVTTL" -to {LEDR[0]}
set_instance_assignment -name IO_STANDARD "3.3-V LVTTL" -to {LEDR[1]}
set_instance_assignment -name IO_STANDARD "3.3-V LVTTL" -to {LEDR[2]}
set_instance_assignment -name IO_STANDARD "3.3-V LVTTL" -to {LEDR[3]}
set_instance_assignment -name IO_STANDARD "3.3-V LVTTL" -to {LEDR[4]}
set_instance_assignment -name IO_STANDARD "3.3-V LVTTL" -to {LEDR[5]}
set_instance_assignment -name IO_STANDARD "3.3-V LVTTL" -to {LEDR[6]}
set_instance_assignment -name IO_STANDARD "3.3-V LVTTL" -to {LEDR[7]}
set_instance_assignment -name IO_STANDARD "3.3-V LVTTL" -to {LEDR[8]}
set_instance_assignment -name IO_STANDARD "3.3-V LVTTL" -to {LEDR[9]}
set_location_assignment PIN_AF14 -to {CLOCK_50}
set_location_assignment PIN_AC18 -to {GPIO_0[0]}
set_location_assignment PIN_AH18 -to {GPIO_0[10]}
set_location_assignment PIN_AH17 -to {GPIO_0[11]}
set_location_assignment PIN_AG16 -to {GPIO_0[12]}
set_location_assignment PIN_AE16 -to {GPIO_0[13]}
set_location_assignment PIN_AF16 -to {GPIO_0[14]}
set_location_assignment PIN_AG17 -to {GPIO_0[15]}
set_location_assignment PIN_AA18 -to {GPIO_0[16]}
set_location_assignment PIN_AA19 -to {GPIO_0[17]}
set_location_assignment PIN_AE17 -to {GPIO_0[18]}
set_location_assignment PIN_AC20 -to {GPIO_0[19]}
set_location_assignment PIN_Y17 -to {GPIO_0[1]}
set_location_assignment PIN_AH19 -to {GPIO_0[20]}
set_location_assignment PIN_AJ20 -to {GPIO_0[21]}
set_location_assignment PIN_AH20 -to {GPIO_0[22]}
set_location_assignment PIN_AK21 -to {GPIO_0[23]}
set_location_assignment PIN_AD19 -to {GPIO_0[24]}
set_location_assignment PIN_AD20 -to {GPIO_0[25]}
set_location_assignment PIN_AE18 -to {GPIO_0[26]}
set_location_assignment PIN_AE19 -to {GPIO_0[27]}
set_location_assignment PIN_AF20 -to {GPIO_0[28]}
set_location_assignment PIN_AF21 -to {GPIO_0[29]}
set_location_assignment PIN_AD17 -to {GPIO_0[2]}
set_location_assignment PIN_AF19 -to {GPIO_0[30]}
set_location_assignment PIN_AG21 -to {GPIO_0[31]}
set_location_assignment PIN_AF18 -to {GPIO_0[32]}
set_location_assignment PIN_AG20 -to {GPIO_0[33]}
set_location_assignment PIN_AG18 -to {GPIO_0[34]}
set_location_assignment PIN_AJ21 -to {GPIO_0[35]}
set_location_assignment PIN_Y18 -to {GPIO_0[3]}
set_location_assignment PIN_AK16 -to {GPIO_0[4]}
set_location_assignment PIN_AK18 -to {GPIO_0[5]}
set_location_assignment PIN_AK19 -to {GPIO_0[6]}
set_location_assignment PIN_AJ19 -to {GPIO_0[7]}
set_location_assignment PIN_AJ17 -to {GPIO_0[8]}
set_location_assignment PIN_AJ16 -to {GPIO_0[9]}
set_location_assignment PIN_AA14 -to {KEY[0]}
set_location_assignment PIN_AA15 -to {KEY[1]}
set_location_assignment PIN_W15 -to {KEY[2]}
set_location_assignment PIN_Y16 -to {KEY[3]}
set_location_assignment PIN_V16 -to {LEDR[0]}
set_location_assignment PIN_W16 -to {LEDR[1]}
set_location_assignment PIN_V17 -to {LEDR[2]}
set_location_assignment PIN_V18 -to {LEDR[3]}
set_location_assignment PIN_W17 -to {LEDR[4]}
set_location_assignment PIN_W19 -to {LEDR[5]}
set_location_assignment PIN_Y19 -to {LEDR[6]}
set_location_assignment PIN_W20 -to {LEDR[7]}
set_location_assignment PIN_W21 -to {LEDR[8]}
set_location_assignment PIN_Y21 -to {LEDR[9]}
